
Microsoft Visual Studio Solution File, Format Version 12.00
# Visual Studio 14
VisualStudioVersion = 14.0.25420.1
MinimumVisualStudioVersion = 10.0.40219.1
Project("{FAE04EC0-301F-11D3-BF4B-00C04F79EFBC}") = "TaskFour", "TaskFour\TaskFour.csproj", "{A73FDCE6-A463-48DD-AE8D-4F0DB85C59FB}"
EndProject
Project("{FAE04EC0-301F-11D3-BF4B-00C04F79EFBC}") = "TaskFour.Tests", "TaskFour.Tests\TaskFour.Tests.csproj", "{AFC4DA62-C1A9-4B8F-9EED-39C895552248}"
EndProject
Global
	GlobalSection(SolutionConfigurationPlatforms) = preSolution
		Debug|Any CPU = Debug|Any CPU
		Release|Any CPU = Release|Any CPU
	EndGlobalSection
	GlobalSection(ProjectConfigurationPlatforms) = postSolution
		{A73FDCE6-A463-48DD-AE8D-4F0DB85C59FB}.Debug|Any CPU.ActiveCfg = Debug|Any CPU
		{A73FDCE6-A463-48DD-AE8D-4F0DB85C59FB}.Debug|Any CPU.Build.0 = Debug|Any CPU
		{A73FDCE6-A463-48DD-AE8D-4F0DB85C59FB}.Release|Any CPU.ActiveCfg = Release|Any CPU
		{A73FDCE6-A463-48DD-AE8D-4F0DB85C59FB}.Release|Any CPU.Build.0 = Release|Any CPU
		{AFC4DA62-C1A9-4B8F-9EED-39C895552248}.Debug|Any CPU.ActiveCfg = Debug|Any CPU
		{AFC4DA62-C1A9-4B8F-9EED-39C895552248}.Debug|Any CPU.Build.0 = Debug|Any CPU
		{AFC4DA62-C1A9-4B8F-9EED-39C895552248}.Release|Any CPU.ActiveCfg = Release|Any CPU
		{AFC4DA62-C1A9-4B8F-9EED-39C895552248}.Release|Any CPU.Build.0 = Release|Any CPU
	EndGlobalSection
	GlobalSection(SolutionProperties) = preSolution
		HideSolutionNode = FALSE
	EndGlobalSection
EndGlobal
